{
  "name": "admin-pc",
  "version": "1.0.0",
  "lockfileVersion": 3,
  "requires": true,
  "packages": {
    "": {
      "name": "admin-pc",
      "version": "1.0.0",
      "dependencies": {
        "@douyinfe/semi-foundation": "^2.73.0",
        "@douyinfe/semi-icons": "^2.73.0",
        "@douyinfe/semi-ui": "^2.73.0",
        "@tanstack/react-router": "^1.141.6",
        "react": "^18.3.1",
        "react-dom": "^18.3.1"
      },
      "devDependencies": {
        "@rsbuild/core": "^1.6.14",
        "@rsbuild/plugin-less": "^1.5.0",
        "@rsbuild/plugin-react": "^1.4.2",
        "@tanstack/router-devtools": "^1.141.6",
        "@tanstack/router-plugin": "^1.141.7",
        "@types/node": "^25.0.3",
        "@types/react": "^18.3.3",
        "@types/react-dom": "^18.3.0",
        "less": "^4.5.1",
        "typescript": "^5.9.3"
      }
    },
    "../../node_modules/.pnpm/@douyinfe+semi-foundation@2.89.0/node_modules/@douyinfe/semi-foundation": {
      "version": "2.89.0",
      "license": "MIT",
      "dependencies": {
        "@douyinfe/semi-animation": "2.89.0",
        "@douyinfe/semi-json-viewer-core": "2.89.0",
        "@mdx-js/mdx": "^3.0.1",
        "async-validator": "^3.5.0",
        "classnames": "^2.2.6",
        "date-fns": "^2.29.3",
        "date-fns-tz": "^1.3.8",
        "fast-copy": "^3.0.1 ",
        "lodash": "^4.17.21",
        "lottie-web": "^5.12.2",
        "memoize-one": "^5.2.1",
        "prismjs": "^1.29.0",
        "remark-gfm": "^4.0.0",
        "scroll-into-view-if-needed": "^2.2.24"
      },
      "devDependencies": {
        "@babel/plugin-transform-runtime": "^7.15.8",
        "@babel/preset-env": "^7.15.8",
        "@types/lodash": "^4.14.176",
        "@types/mdx": "^2.0.13",
        "@types/prismjs": "^1.26.3",
        "babel-plugin-lodash": "^3.3.4",
        "del": "^6.0.0",
        "esbuild": "0.24.0",
        "gulp": "^4.0.2",
        "gulp-babel": "^8.0.0",
        "gulp-replace": "^1.1.3",
        "gulp-sass": "^5.0.0",
        "gulp-typescript": "^6.0.0-alpha.1",
        "merge2": "^1.4.1",
        "through2": "^4.0.2"
      }
    },
    "../../node_modules/.pnpm/@douyinfe+semi-icons@2.89.0_react@18.3.1/node_modules/@douyinfe/semi-icons": {
      "version": "2.89.0",
      "license": "MIT",
      "dependencies": {
        "classnames": "^2.2.6"
      },
      "devDependencies": {
        "@babel/preset-env": "^7.15.8",
        "@babel/preset-react": "^7.14.5",
        "babel-loader": "^8.2.2",
        "css-loader": "4.3.0",
        "del": "^6.0.0",
        "gulp": "^4.0.2",
        "gulp-babel": "^8.0.0",
        "gulp-replace": "^1.1.3",
        "gulp-sass": "^5.0.0",
        "gulp-typescript": "^6.0.0-alpha.1",
        "merge2": "^1.4.1",
        "mini-css-extract-plugin": "^2.7.5",
        "rimraf": "^3.0.2",
        "terser-webpack-plugin": "^4.2.3",
        "through2": "^4.0.2",
        "ts-loader": "^5.4.5"
      },
      "peerDependencies": {
        "react": ">=16.0.0"
      }
    },
    "../../node_modules/.pnpm/@douyinfe+semi-ui@2.89.0_@floating-ui+dom@1.7.4_@tiptap+suggestion@3.13.0_@tiptap+core@_bcb7c6a2c7664dbb964f5e8ff4833d88/node_modules/@douyinfe/semi-ui": {
      "version": "2.89.0",
      "license": "MIT",
      "dependencies": {
        "@dnd-kit/core": "^6.0.8",
        "@dnd-kit/sortable": "^7.0.2",
        "@dnd-kit/utilities": "^3.2.1",
        "@douyinfe/semi-animation": "2.89.0",
        "@douyinfe/semi-animation-react": "2.89.0",
        "@douyinfe/semi-foundation": "2.89.0",
        "@douyinfe/semi-icons": "2.89.0",
        "@douyinfe/semi-illustrations": "2.89.0",
        "@douyinfe/semi-theme-default": "2.89.0",
        "@tiptap/core": "^3.10.7",
        "@tiptap/extension-document": "^3.10.7",
        "@tiptap/extension-hard-break": "^3.10.7",
        "@tiptap/extension-mention": "^3.10.7",
        "@tiptap/extension-paragraph": "^3.10.7",
        "@tiptap/extension-text": "^3.10.7",
        "@tiptap/extensions": "^3.10.7",
        "@tiptap/pm": "^3.10.7",
        "@tiptap/react": "^3.10.7",
        "async-validator": "^3.5.0",
        "classnames": "^2.2.6",
        "copy-text-to-clipboard": "^2.1.1",
        "date-fns": "^2.29.3",
        "date-fns-tz": "^1.3.8",
        "fast-copy": "^3.0.1 ",
        "jsonc-parser": "^3.3.1",
        "lodash": "^4.17.21",
        "prop-types": "^15.7.2",
        "prosemirror-state": "^1.4.3",
        "react-resizable": "^3.0.5",
        "react-window": "^1.8.2",
        "scroll-into-view-if-needed": "^2.2.24",
        "utility-types": "^3.10.0"
      },
      "devDependencies": {
        "@babel/plugin-proposal-decorators": "^7.15.8",
        "@babel/plugin-transform-runtime": "^7.15.8",
        "@babel/preset-env": "^7.15.8",
        "@babel/preset-react": "^7.14.5",
        "@douyinfe/semi-scss-compile": "2.23.2",
        "@testing-library/react": "^12",
        "@types/lodash": "^4.14.176",
        "@types/react": ">=16.0.0",
        "@types/react-dom": ">=16.0.0",
        "@types/react-window": "^1.8.2",
        "babel-loader": "^8.2.2",
        "babel-plugin-lodash": "^3.3.4",
        "case-sensitive-paths-webpack-plugin": "^2.4.0",
        "del": "^6.0.0",
        "enzyme": "^3.11.0",
        "grapheme-splitter": "^1.0.4",
        "gulp": "^4.0.2",
        "gulp-babel": "^8.0.0",
        "gulp-replace": "^1.1.3",
        "gulp-sass": "^5.0.0",
        "gulp-typescript": "^6.0.0-alpha.1",
        "immutability-helper": "^3.1.1",
        "jest-date-mock": "^1.0.8",
        "jsdom": "^15.2.1",
        "merge2": "^1.4.1",
        "null-loader": "^3.0.0",
        "react-dnd": "^9.5.1",
        "react-infinite-scroller": "^1.2.4",
        "react-storybook-addon-props-combinations": "^1.1.0",
        "react-virtualized": "^9.22.3",
        "rimraf": "^3.0.2",
        "sass": "1.54.9",
        "sinon": "^6.3.5",
        "terser-webpack-plugin": "^4.2.3",
        "through2": "^4.0.2",
        "ts-loader": "^5.4.5",
        "webpack": "^5.77.0",
        "webpackbar": "^5.0.0-3"
      },
      "peerDependencies": {
        "react": ">=16.0.0",
        "react-dom": ">=16.0.0"
      }
    },
    "../../node_modules/.pnpm/@rsbuild+core@1.6.15/node_modules/@rsbuild/core": {
      "version": "1.6.15",
      "dev": true,
      "license": "MIT",
      "dependencies": {
        "@rspack/core": "1.6.8",
        "@rspack/lite-tapable": "~1.1.0",
        "@swc/helpers": "^0.5.17",
        "core-js": "~3.47.0",
        "jiti": "^2.6.1"
      },
      "bin": {
        "rsbuild": "bin/rsbuild.js"
      },
      "devDependencies": {
        "@jridgewell/remapping": "^2.3.5",
        "@jridgewell/trace-mapping": "^0.3.31",
        "@rslib/core": "0.18.3",
        "@types/connect": "3.4.38",
        "@types/cors": "^2.8.19",
        "@types/node": "^24.10.1",
        "@types/on-finished": "2.3.5",
        "@types/range-parser": "^1.2.7",
        "@types/webpack-bundle-analyzer": "4.7.0",
        "@types/ws": "^8.18.1",
        "browserslist-load-config": "1.0.1",
        "cac": "^6.7.14",
        "chokidar": "^4.0.3",
        "connect": "3.7.0",
        "cors": "^2.8.5",
        "css-loader": "7.1.2",
        "deepmerge": "^4.3.1",
        "dotenv-expand": "12.0.3",
        "html-rspack-plugin": "6.1.4",
        "http-proxy-middleware": "^2.0.9",
        "launch-editor-middleware": "^2.12.0",
        "memfs": "^4.51.1",
        "mrmime": "^2.0.1",
        "on-finished": "2.4.1",
        "open": "^11.0.0",
        "picocolors": "^1.1.1",
        "postcss": "^8.5.6",
        "postcss-load-config": "6.0.1",
        "postcss-loader": "8.2.0",
        "prebundle": "1.6.0",
        "range-parser": "^1.2.1",
        "reduce-configs": "^1.1.1",
        "rslog": "^1.3.2",
        "rspack-chain": "^1.4.1",
        "rspack-manifest-plugin": "5.2.0",
        "sirv": "^3.0.2",
        "stacktrace-parser": "^0.1.11",
        "style-loader": "3.3.4",
        "tinyglobby": "0.2.14",
        "typescript": "^5.9.3",
        "webpack": "^5.103.0",
        "webpack-bundle-analyzer": "^4.10.2",
        "webpack-merge": "6.0.1",
        "ws": "^8.18.3"
      },
      "engines": {
        "node": ">=18.12.0"
      }
    },
    "../../node_modules/.pnpm/@rsbuild+plugin-less@1.5.0_@rsbuild+core@1.6.15/node_modules/@rsbuild/plugin-less": {
      "version": "1.5.0",
      "dev": true,
      "license": "MIT",
      "dependencies": {
        "deepmerge": "^4.3.1",
        "reduce-configs": "^1.1.1"
      },
      "devDependencies": {
        "@rsbuild/core": "1.5.0",
        "@rslib/core": "0.12.2",
        "@scripts/test-helper": "1.0.1",
        "@types/less": "^3.0.8",
        "less": "4.3.0",
        "less-loader": "^12.3.0",
        "prebundle": "1.4.1",
        "typescript": "^5.9.2"
      },
      "peerDependencies": {
        "@rsbuild/core": "1.x"
      }
    },
    "../../node_modules/.pnpm/@rsbuild+plugin-react@1.4.2_@rsbuild+core@1.6.15/node_modules/@rsbuild/plugin-react": {
      "version": "1.4.2",
      "dev": true,
      "license": "MIT",
      "dependencies": {
        "@rspack/plugin-react-refresh": "^1.5.2",
        "react-refresh": "^0.18.0"
      },
      "devDependencies": {
        "@rsbuild/core": "1.6.2",
        "@rslib/core": "0.17.1",
        "@scripts/test-helper": "1.0.1",
        "@types/node": "^24.9.2",
        "typescript": "^5.9.3"
      },
      "peerDependencies": {
        "@rsbuild/core": "1.x"
      }
    },
    "../../node_modules/.pnpm/@tanstack+react-router@1.141.6_react-dom@18.3.1_react@18.3.1__react@18.3.1/node_modules/@tanstack/react-router": {
      "version": "1.141.6",
      "license": "MIT",
      "dependencies": {
        "@tanstack/history": "1.141.0",
        "@tanstack/react-store": "^0.8.0",
        "@tanstack/router-core": "1.141.6",
        "isbot": "^5.1.22",
        "tiny-invariant": "^1.3.3",
        "tiny-warning": "^1.0.3"
      },
      "devDependencies": {
        "@testing-library/jest-dom": "^6.6.3",
        "@testing-library/react": "^16.2.0",
        "@vitejs/plugin-react": "^4.3.4",
        "combinate": "^1.1.11",
        "react": "^19.0.0",
        "react-dom": "^19.0.0",
        "vibe-rules": "^0.2.57",
        "zod": "^3.24.2"
      },
      "engines": {
        "node": ">=12"
      },
      "funding": {
        "type": "github",
        "url": "https://github.com/sponsors/tannerlinsley"
      },
      "peerDependencies": {
        "react": ">=18.0.0 || >=19.0.0",
        "react-dom": ">=18.0.0 || >=19.0.0"
      }
    },
    "../../node_modules/.pnpm/@tanstack+router-devtools@1.141.6_@tanstack+react-router@1.141.6_react-dom@18.3.1_react_1cb157ad1236594ac620198cd1be989b/node_modules/@tanstack/router-devtools": {
      "version": "1.141.6",
      "dev": true,
      "license": "MIT",
      "dependencies": {
        "@tanstack/react-router-devtools": "1.141.6",
        "clsx": "^2.1.1",
        "goober": "^2.1.16"
      },
      "devDependencies": {
        "@vitejs/plugin-react": "^4.3.4",
        "react": "^19.0.0",
        "react-dom": "^19.0.0",
        "vite": "^7.1.7"
      },
      "engines": {
        "node": ">=12"
      },
      "funding": {
        "type": "github",
        "url": "https://github.com/sponsors/tannerlinsley"
      },
      "peerDependencies": {
        "@tanstack/react-router": "^1.141.6",
        "csstype": "^3.0.10",
        "react": ">=18.0.0 || >=19.0.0",
        "react-dom": ">=18.0.0 || >=19.0.0"
      },
      "peerDependenciesMeta": {
        "csstype": {
          "optional": true
        }
      }
    },
    "../../node_modules/.pnpm/@tanstack+router-plugin@1.141.7_@rsbuild+core@1.6.15_@tanstack+react-router@1.141.6_rea_fae36b937e42e142fd30558b0b60dc72/node_modules/@tanstack/router-plugin": {
      "version": "1.141.7",
      "dev": true,
      "license": "MIT",
      "dependencies": {
        "@babel/core": "^7.27.7",
        "@babel/plugin-syntax-jsx": "^7.27.1",
        "@babel/plugin-syntax-typescript": "^7.27.1",
        "@babel/template": "^7.27.2",
        "@babel/traverse": "^7.27.7",
        "@babel/types": "^7.27.7",
        "@tanstack/router-core": "1.141.6",
        "@tanstack/router-generator": "1.141.7",
        "@tanstack/router-utils": "1.141.0",
        "@tanstack/virtual-file-routes": "1.141.0",
        "babel-dead-code-elimination": "^1.0.10",
        "chokidar": "^3.6.0",
        "unplugin": "^2.1.2",
        "zod": "^3.24.2"
      },
      "devDependencies": {
        "@types/babel__core": "^7.20.5",
        "@types/babel__template": "^7.4.4",
        "@types/babel__traverse": "^7.20.7"
      },
      "engines": {
        "node": ">=12"
      },
      "funding": {
        "type": "github",
        "url": "https://github.com/sponsors/tannerlinsley"
      },
      "peerDependencies": {
        "@rsbuild/core": ">=1.0.2",
        "@tanstack/react-router": "^1.141.6",
        "vite": ">=5.0.0 || >=6.0.0 || >=7.0.0",
        "vite-plugin-solid": "^2.11.10",
        "webpack": ">=5.92.0"
      },
      "peerDependenciesMeta": {
        "@rsbuild/core": {
          "optional": true
        },
        "@tanstack/react-router": {
          "optional": true
        },
        "vite": {
          "optional": true
        },
        "vite-plugin-solid": {
          "optional": true
        },
        "webpack": {
          "optional": true
        }
      }
    },
    "../../node_modules/.pnpm/@types+react-dom@18.3.7_@types+react@18.3.27/node_modules/@types/react-dom": {
      "version": "18.3.7",
      "dev": true,
      "license": "MIT",
      "peerDependencies": {
        "@types/react": "^18.0.0"
      }
    },
    "../../node_modules/.pnpm/@types+react@18.3.27/node_modules/@types/react": {
      "version": "18.3.27",
      "dev": true,
      "license": "MIT",
      "dependencies": {
        "@types/prop-types": "*",
        "csstype": "^3.2.2"
      }
    },
    "../../node_modules/.pnpm/less@4.5.1/node_modules/less": {
      "version": "4.5.1",
      "dev": true,
      "hasInstallScript": true,
      "license": "Apache-2.0",
      "dependencies": {
        "copy-anything": "^2.0.1",
        "parse-node-version": "^1.0.1",
        "tslib": "^2.3.0"
      },
      "bin": {
        "lessc": "bin/lessc"
      },
      "devDependencies": {
        "@less/test-data": "workspace:*",
        "@less/test-import-module": "workspace:*",
        "@rollup/plugin-commonjs": "^17.0.0",
        "@rollup/plugin-json": "^4.1.0",
        "@rollup/plugin-node-resolve": "^11.0.0",
        "@typescript-eslint/eslint-plugin": "^4.28.0",
        "@typescript-eslint/parser": "^4.28.0",
        "benny": "^3.6.12",
        "bootstrap-less-port": "0.3.0",
        "c8": "^10.1.3",
        "chai": "^4.2.0",
        "chalk": "^4.1.2",
        "cosmiconfig": "~9.0.0",
        "cross-env": "^7.0.3",
        "eslint": "^7.29.0",
        "fs-extra": "^8.1.0",
        "git-rev": "^0.2.1",
        "glob": "~11.0.3",
        "globby": "^10.0.1",
        "grunt": "^1.0.4",
        "grunt-cli": "^1.3.2",
        "grunt-contrib-clean": "^1.0.0",
        "grunt-contrib-connect": "^1.0.2",
        "grunt-eslint": "^23.0.0",
        "grunt-saucelabs": "^9.0.1",
        "grunt-shell": "^1.3.0",
        "html-template-tag": "^3.2.0",
        "jest-diff": "~30.1.2",
        "jit-grunt": "^0.10.0",
        "less-plugin-autoprefix": "^1.5.1",
        "less-plugin-clean-css": "^1.6.0",
        "minimist": "^1.2.0",
        "mocha": "^6.2.1",
        "mocha-teamcity-reporter": "^3.0.0",
        "npm-run-all": "^4.1.5",
        "performance-now": "^0.2.0",
        "phin": "^2.2.3",
        "playwright": "1.50.1",
        "promise": "^7.1.1",
        "read-glob": "^3.0.0",
        "resolve": "^1.17.0",
        "rollup": "^2.52.2",
        "rollup-plugin-terser": "^5.1.1",
        "rollup-plugin-typescript2": "^0.29.0",
        "semver": "^6.3.0",
        "shx": "^0.3.2",
        "time-grunt": "^1.3.0",
        "ts-node": "^10.9.1",
        "typescript": "^4.3.4",
        "uikit": "2.27.4"
      },
      "engines": {
        "node": ">=14"
      },
      "optionalDependencies": {
        "errno": "^0.1.1",
        "graceful-fs": "^4.1.2",
        "image-size": "~0.5.0",
        "make-dir": "^2.1.0",
        "mime": "^1.4.1",
        "needle": "^3.1.0",
        "source-map": "~0.6.0"
      }
    },
    "../../node_modules/.pnpm/react-dom@18.3.1_react@18.3.1/node_modules/react-dom": {
      "version": "18.3.1",
      "license": "MIT",
      "dependencies": {
        "loose-envify": "^1.1.0",
        "scheduler": "^0.23.2"
      },
      "peerDependencies": {
        "react": "^18.3.1"
      }
    },
    "../../node_modules/.pnpm/react@18.3.1/node_modules/react": {
      "version": "18.3.1",
      "license": "MIT",
      "dependencies": {
        "loose-envify": "^1.1.0"
      },
      "engines": {
        "node": ">=0.10.0"
      }
    },
    "../../node_modules/.pnpm/typescript@5.9.3/node_modules/typescript": {
      "version": "5.9.3",
      "dev": true,
      "license": "Apache-2.0",
      "bin": {
        "tsc": "bin/tsc",
        "tsserver": "bin/tsserver"
      },
      "devDependencies": {
        "@dprint/formatter": "^0.4.1",
        "@dprint/typescript": "0.93.4",
        "@esfx/canceltoken": "^1.0.0",
        "@eslint/js": "^9.20.0",
        "@octokit/rest": "^21.1.1",
        "@types/chai": "^4.3.20",
        "@types/diff": "^7.0.1",
        "@types/minimist": "^1.2.5",
        "@types/mocha": "^10.0.10",
        "@types/ms": "^0.7.34",
        "@types/node": "latest",
        "@types/source-map-support": "^0.5.10",
        "@types/which": "^3.0.4",
        "@typescript-eslint/rule-tester": "^8.24.1",
        "@typescript-eslint/type-utils": "^8.24.1",
        "@typescript-eslint/utils": "^8.24.1",
        "azure-devops-node-api": "^14.1.0",
        "c8": "^10.1.3",
        "chai": "^4.5.0",
        "chokidar": "^4.0.3",
        "diff": "^7.0.0",
        "dprint": "^0.49.0",
        "esbuild": "^0.25.0",
        "eslint": "^9.20.1",
        "eslint-formatter-autolinkable-stylish": "^1.4.0",
        "eslint-plugin-regexp": "^2.7.0",
        "fast-xml-parser": "^4.5.2",
        "glob": "^10.4.5",
        "globals": "^15.15.0",
        "hereby": "^1.10.0",
        "jsonc-parser": "^3.3.1",
        "knip": "^5.44.4",
        "minimist": "^1.2.8",
        "mocha": "^10.8.2",
        "mocha-fivemat-progress-reporter": "^0.1.0",
        "monocart-coverage-reports": "^2.12.1",
        "ms": "^2.1.3",
        "picocolors": "^1.1.1",
        "playwright": "^1.50.1",
        "source-map-support": "^0.5.21",
        "tslib": "^2.8.1",
        "typescript": "^5.7.3",
        "typescript-eslint": "^8.24.1",
        "which": "^3.0.1"
      },
      "engines": {
        "node": ">=14.17"
      }
    },
    "node_modules/@douyinfe/semi-foundation": {
      "resolved": "../../node_modules/.pnpm/@douyinfe+semi-foundation@2.89.0/node_modules/@douyinfe/semi-foundation",
      "link": true
    },
    "node_modules/@douyinfe/semi-icons": {
      "resolved": "../../node_modules/.pnpm/@douyinfe+semi-icons@2.89.0_react@18.3.1/node_modules/@douyinfe/semi-icons",
      "link": true
    },
    "node_modules/@douyinfe/semi-ui": {
      "resolved": "../../node_modules/.pnpm/@douyinfe+semi-ui@2.89.0_@floating-ui+dom@1.7.4_@tiptap+suggestion@3.13.0_@tiptap+core@_bcb7c6a2c7664dbb964f5e8ff4833d88/node_modules/@douyinfe/semi-ui",
      "link": true
    },
    "node_modules/@rsbuild/core": {
      "resolved": "../../node_modules/.pnpm/@rsbuild+core@1.6.15/node_modules/@rsbuild/core",
      "link": true
    },
    "node_modules/@rsbuild/plugin-less": {
      "resolved": "../../node_modules/.pnpm/@rsbuild+plugin-less@1.5.0_@rsbuild+core@1.6.15/node_modules/@rsbuild/plugin-less",
      "link": true
    },
    "node_modules/@rsbuild/plugin-react": {
      "resolved": "../../node_modules/.pnpm/@rsbuild+plugin-react@1.4.2_@rsbuild+core@1.6.15/node_modules/@rsbuild/plugin-react",
      "link": true
    },
    "node_modules/@tanstack/react-router": {
      "resolved": "../../node_modules/.pnpm/@tanstack+react-router@1.141.6_react-dom@18.3.1_react@18.3.1__react@18.3.1/node_modules/@tanstack/react-router",
      "link": true
    },
    "node_modules/@tanstack/router-devtools": {
      "resolved": "../../node_modules/.pnpm/@tanstack+router-devtools@1.141.6_@tanstack+react-router@1.141.6_react-dom@18.3.1_react_1cb157ad1236594ac620198cd1be989b/node_modules/@tanstack/router-devtools",
      "link": true
    },
    "node_modules/@tanstack/router-plugin": {
      "resolved": "../../node_modules/.pnpm/@tanstack+router-plugin@1.141.7_@rsbuild+core@1.6.15_@tanstack+react-router@1.141.6_rea_fae36b937e42e142fd30558b0b60dc72/node_modules/@tanstack/router-plugin",
      "link": true
    },
    "node_modules/@types/node": {
      "version": "25.0.3",
      "resolved": "https://registry.npmmirror.com/@types/node/-/node-25.0.3.tgz",
      "integrity": "sha512-W609buLVRVmeW693xKfzHeIV6nJGGz98uCPfeXI1ELMLXVeKYZ9m15fAMSaUPBHYLGFsVRcMmSCksQOrZV9BYA==",
      "dev": true,
      "license": "MIT",
      "dependencies": {
        "undici-types": "~7.16.0"
      }
    },
    "node_modules/@types/react": {
      "resolved": "../../node_modules/.pnpm/@types+react@18.3.27/node_modules/@types/react",
      "link": true
    },
    "node_modules/@types/react-dom": {
      "resolved": "../../node_modules/.pnpm/@types+react-dom@18.3.7_@types+react@18.3.27/node_modules/@types/react-dom",
      "link": true
    },
    "node_modules/less": {
      "resolved": "../../node_modules/.pnpm/less@4.5.1/node_modules/less",
      "link": true
    },
    "node_modules/react": {
      "resolved": "../../node_modules/.pnpm/react@18.3.1/node_modules/react",
      "link": true
    },
    "node_modules/react-dom": {
      "resolved": "../../node_modules/.pnpm/react-dom@18.3.1_react@18.3.1/node_modules/react-dom",
      "link": true
    },
    "node_modules/typescript": {
      "resolved": "../../node_modules/.pnpm/typescript@5.9.3/node_modules/typescript",
      "link": true
    },
    "node_modules/undici-types": {
      "version": "7.16.0",
      "resolved": "https://registry.npmmirror.com/undici-types/-/undici-types-7.16.0.tgz",
      "integrity": "sha512-Zz+aZWSj8LE6zoxD+xrjh4VfkIG8Ya6LvYkZqtUQGJPZjYl53ypCaUwWqo7eI0x66KBGeRo+mlBEkMSeSZ38Nw==",
      "dev": true,
      "license": "MIT"
    }
  }
}
